
Microsoft Visual Studio Solution File, Format Version 12.00
# Visual Studio Version 16
VisualStudioVersion = 16.0.32407.337
MinimumVisualStudioVersion = 10.0.40219.1
Project("{FAE04EC0-301F-11D3-BF4B-00C04F79EFBC}") = "SGE", "SGE\SGE.csproj", "{2A4B1C40-FB25-416B-B719-9062C2E9C130}"
EndProject
Global
	GlobalSection(SolutionConfigurationPlatforms) = preSolution
		Debug|Any CPU = Debug|Any CPU
		Release|Any CPU = Release|Any CPU
	EndGlobalSection
	GlobalSection(ProjectConfigurationPlatforms) = postSolution
		{2A4B1C40-FB25-416B-B719-9062C2E9C130}.Debug|Any CPU.ActiveCfg = Debug|Any CPU
		{2A4B1C40-FB25-416B-B719-9062C2E9C130}.Debug|Any CPU.Build.0 = Debug|Any CPU
		{2A4B1C40-FB25-416B-B719-9062C2E9C130}.Release|Any CPU.ActiveCfg = Release|Any CPU
		{2A4B1C40-FB25-416B-B719-9062C2E9C130}.Release|Any CPU.Build.0 = Release|Any CPU
	EndGlobalSection
	GlobalSection(SolutionProperties) = preSolution
		HideSolutionNode = FALSE
	EndGlobalSection
	GlobalSection(ExtensibilityGlobals) = postSolution
		SolutionGuid = {FCBC06D7-61EC-4984-9532-4C7017E4F32B}
	EndGlobalSection
EndGlobal
